
Microsoft Visual Studio Solution File, Format Version 12.00
# Visual Studio 15
VisualStudioVersion = 15.0.27703.2042
MinimumVisualStudioVersion = 10.0.40219.1
Project("{FAE04EC0-301F-11D3-BF4B-00C04F79EFBC}") = "CapStone4(shoppingList)", "CapStone4(shoppingList)\CapStone4(shoppingList).csproj", "{657AC67C-17E4-4C0D-BBF6-6FCB4303EEEB}"
EndProject
Global
	GlobalSection(SolutionConfigurationPlatforms) = preSolution
		Debug|Any CPU = Debug|Any CPU
		Release|Any CPU = Release|Any CPU
	EndGlobalSection
	GlobalSection(ProjectConfigurationPlatforms) = postSolution
		{657AC67C-17E4-4C0D-BBF6-6FCB4303EEEB}.Debug|Any CPU.ActiveCfg = Debug|Any CPU
		{657AC67C-17E4-4C0D-BBF6-6FCB4303EEEB}.Debug|Any CPU.Build.0 = Debug|Any CPU
		{657AC67C-17E4-4C0D-BBF6-6FCB4303EEEB}.Release|Any CPU.ActiveCfg = Release|Any CPU
		{657AC67C-17E4-4C0D-BBF6-6FCB4303EEEB}.Release|Any CPU.Build.0 = Release|Any CPU
	EndGlobalSection
	GlobalSection(SolutionProperties) = preSolution
		HideSolutionNode = FALSE
	EndGlobalSection
	GlobalSection(ExtensibilityGlobals) = postSolution
		SolutionGuid = {AA389C08-A093-4103-AEE2-BE9AEBFA78C2}
	EndGlobalSection
EndGlobal
